
Microsoft Visual Studio Solution File, Format Version 12.00
# Visual Studio Version 16
VisualStudioVersion = 16.0.31105.61
MinimumVisualStudioVersion = 10.0.40219.1
Project("{FAE04EC0-301F-11D3-BF4B-00C04F79EFBC}") = "EvilClippy", "EvilClippy.csproj", "{F0652120-9CF5-4F4C-BC7B-BA0921AA57CB}"
EndProject
Global
	GlobalSection(SolutionConfigurationPlatforms) = preSolution
		Debug|Any CPU = Debug|Any CPU
		Release|Any CPU = Release|Any CPU
	EndGlobalSection
	GlobalSection(ProjectConfigurationPlatforms) = postSolution
		{F0652120-9CF5-4F4C-BC7B-BA0921AA57CB}.Debug|Any CPU.ActiveCfg = Debug|Any CPU
		{F0652120-9CF5-4F4C-BC7B-BA0921AA57CB}.Debug|Any CPU.Build.0 = Debug|Any CPU
		{F0652120-9CF5-4F4C-BC7B-BA0921AA57CB}.Release|Any CPU.ActiveCfg = Release|Any CPU
		{F0652120-9CF5-4F4C-BC7B-BA0921AA57CB}.Release|Any CPU.Build.0 = Release|Any CPU
	EndGlobalSection
	GlobalSection(SolutionProperties) = preSolution
		HideSolutionNode = FALSE
	EndGlobalSection
	GlobalSection(ExtensibilityGlobals) = postSolution
		SolutionGuid = {36EB9640-6923-4A99-84B3-E743C8361ACA}
	EndGlobalSection
EndGlobal
